{
  "name": "friends",
  "version": "0.0.0",
  "lockfileVersion": 3,
  "requires": true,
  "packages": {
    "": {
      "name": "friends",
      "version": "0.0.0",
      "license": "ISC",
      "dependencies": {
        "js-yaml": "^4.1.0"
      },
      "devDependencies": {
        "@swc-node/register": "^1.10.10",
        "@swc/core": "^1.11.11",
        "@types/js-yaml": "^4.0.9",
        "@types/node": "^22.13.10",
        "typescript": "^5.8.2"
      }
    },
    "node_modules/@emnapi/core": {
      "version": "1.3.1",
      "resolved": "https://registry.npmmirror.com/@emnapi/core/-/core-1.3.1.tgz",
      "integrity": "sha512-pVGjBIt1Y6gg3EJN8jTcfpP/+uuRksIo055oE/OBkDNcjZqVbfkWCksG1Jp4yZnj3iKWyWX8fdG/j6UDYPbFog==",
      "dev": true,
      "license": "MIT",
      "optional": true,
      "dependencies": {
        "@emnapi/wasi-threads": "1.0.1",
        "tslib": "^2.4.0"
      }
    },
    "node_modules/@emnapi/runtime": {
      "version": "1.3.1",
      "resolved": "https://registry.npmmirror.com/@emnapi/runtime/-/runtime-1.3.1.tgz",
      "integrity": "sha512-kEBmG8KyqtxJZv+ygbEim+KCGtIq1fC22Ms3S4ziXmYKm8uyoLX0MHONVKwp+9opg390VaKRNt4a7A9NwmpNhw==",
      "dev": true,
      "license": "MIT",
      "optional": true,
      "dependencies": {
        "tslib": "^2.4.0"
      }
    },
    "node_modules/@emnapi/wasi-threads": {
      "version": "1.0.1",
      "resolved": "https://registry.npmmirror.com/@emnapi/wasi-threads/-/wasi-threads-1.0.1.tgz",
      "integrity": "sha512-iIBu7mwkq4UQGeMEM8bLwNK962nXdhodeScX4slfQnRhEMMzvYivHhutCIk8uojvmASXXPC2WNEjwxFWk72Oqw==",
      "dev": true,
      "license": "MIT",
      "optional": true,
      "dependencies": {
        "tslib": "^2.4.0"
      }
    },
    "node_modules/@napi-rs/wasm-runtime": {
      "version": "0.2.7",
      "resolved": "https://registry.npmmirror.com/@napi-rs/wasm-runtime/-/wasm-runtime-0.2.7.tgz",
      "integrity": "sha512-5yximcFK5FNompXfJFoWanu5l8v1hNGqNHh9du1xETp9HWk/B/PzvchX55WYOPaIeNglG8++68AAiauBAtbnzw==",
      "dev": true,
      "license": "MIT",
      "optional": true,
      "dependencies": {
        "@emnapi/core": "^1.3.1",
        "@emnapi/runtime": "^1.3.1",
        "@tybys/wasm-util": "^0.9.0"
      }
    },
    "node_modules/@oxc-resolver/binding-darwin-arm64": {
      "version": "5.0.1",
      "resolved": "https://registry.npmmirror.com/@oxc-resolver/binding-darwin-arm64/-/binding-darwin-arm64-5.0.1.tgz",
      "integrity": "sha512-lY5mi+6ztYGM9tiyMhHbzZteE7LFaexu9PjDL2N0stCNuGkSHO1eeeabi2ckxGWBbu9EW01XovbQqir12NbA6A==",
      "cpu": [
        "arm64"
      ],
      "dev": true,
      "license": "MIT",
      "optional": true,
      "os": [
        "darwin"
      ]
    },
    "node_modules/@oxc-resolver/binding-darwin-x64": {
      "version": "5.0.1",
      "resolved": "https://registry.npmmirror.com/@oxc-resolver/binding-darwin-x64/-/binding-darwin-x64-5.0.1.tgz",
      "integrity": "sha512-wHKdPB2Q0dMVQy6b5depG8IGI0Y37CIUTZYrZDYEGMT3X481DAJjp6AIVVHQeolEZzy+lWrpUQdGPy0dQnt7IA==",
      "cpu": [
        "x64"
      ],
      "dev": true,
      "license": "MIT",
      "optional": true,
      "os": [
        "darwin"
      ]
    },
    "node_modules/@oxc-resolver/binding-freebsd-x64": {
      "version": "5.0.1",
      "resolved": "https://registry.npmmirror.com/@oxc-resolver/binding-freebsd-x64/-/binding-freebsd-x64-5.0.1.tgz",
      "integrity": "sha512-TchNkHMASh2vZ2/FH71zqgAUNYuAlP8Bm1ocSnt7UVV43jZ9kG8HtQFc3AsYeVGzw06LZoeE3mVdSQVXUZhgzA==",
      "cpu": [
        "x64"
      ],
      "dev": true,
      "license": "MIT",
      "optional": true,
      "os": [
        "freebsd"
      ]
    },
    "node_modules/@oxc-resolver/binding-linux-arm-gnueabihf": {
      "version": "5.0.1",
      "resolved": "https://registry.npmmirror.com/@oxc-resolver/binding-linux-arm-gnueabihf/-/binding-linux-arm-gnueabihf-5.0.1.tgz",
      "integrity": "sha512-JhqYi6uTSYflXSDNG/ZPTvBUcvcPR+vr/09XLdWJpZfEYzpPEEr7YQ2ogiOfZVUmCZOJWVOP8jJdv735j46a5w==",
      "cpu": [
        "arm"
      ],
      "dev": true,
      "license": "MIT",
      "optional": true,
      "os": [
        "linux"
      ]
    },
    "node_modules/@oxc-resolver/binding-linux-arm64-gnu": {
      "version": "5.0.1",
      "resolved": "https://registry.npmmirror.com/@oxc-resolver/binding-linux-arm64-gnu/-/binding-linux-arm64-gnu-5.0.1.tgz",
      "integrity": "sha512-W2OXq25tYiFVhi0Eioc9b+KWnaK2Hj7x/eW2u6r6u4afd1cQ09U+o5u98jrj1rxowSOTfFyiKqMqQOrS4PAlFg==",
      "cpu": [
        "arm64"
      ],
      "dev": true,
      "license": "MIT",
      "optional": true,
      "os": [
        "linux"
      ]
    },
    "node_modules/@oxc-resolver/binding-linux-arm64-musl": {
      "version": "5.0.1",
      "resolved": "https://registry.npmmirror.com/@oxc-resolver/binding-linux-arm64-musl/-/binding-linux-arm64-musl-5.0.1.tgz",
      "integrity": "sha512-dYaXmy90L5fTpH0mWmWvsf5PC9me5Lyjcj5vOQYNVedSQUavGMbQ+sKOWOTAFIpS8xzzIhYRdLI7oj4WV9S2bQ==",
      "cpu": [
        "arm64"
      ],
      "dev": true,
      "license": "MIT",
      "optional": true,
      "os": [
        "linux"
      ]
    },
    "node_modules/@oxc-resolver/binding-linux-x64-gnu": {
      "version": "5.0.1",
      "resolved": "https://registry.npmmirror.com/@oxc-resolver/binding-linux-x64-gnu/-/binding-linux-x64-gnu-5.0.1.tgz",
      "integrity": "sha512-lOgcxgtV7nM4TjolWgW9qk05iDQE2GGZTx2Zr+Jj+4GqdIhkkGpbqyGPJx2FRsY6kXhyaA9eOad4Bldfo8vAaw==",
      "cpu": [
        "x64"
      ],
      "dev": true,
      "license": "MIT",
      "optional": true,
      "os": [
        "linux"
      ]
    },
    "node_modules/@oxc-resolver/binding-linux-x64-musl": {
      "version": "5.0.1",
      "resolved": "https://registry.npmmirror.com/@oxc-resolver/binding-linux-x64-musl/-/binding-linux-x64-musl-5.0.1.tgz",
      "integrity": "sha512-3Pg8eSolVs3hy3xoqkjCgoIC1uHKPAUY0rs4QX+KtsPMOZ7iO5b3JBbJHl+ZDIeuzE8dkSRG7aIuCNVonp5G1Q==",
      "cpu": [
        "x64"
      ],
      "dev": true,
      "license": "MIT",
      "optional": true,
      "os": [
        "linux"
      ]
    },
    "node_modules/@oxc-resolver/binding-wasm32-wasi": {
      "version": "5.0.1",
      "resolved": "https://registry.npmmirror.com/@oxc-resolver/binding-wasm32-wasi/-/binding-wasm32-wasi-5.0.1.tgz",
      "integrity": "sha512-rBEgV5AW5obb6ATeNUSUouW0FzpoADOweTYblprko+Cv6rW1NSQGzGxD6o6jhIk4yV7/CZBwBWAkz9xpL5JSUQ==",
      "cpu": [
        "wasm32"
      ],
      "dev": true,
      "license": "MIT",
      "optional": true,
      "dependencies": {
        "@napi-rs/wasm-runtime": "^0.2.7"
      },
      "engines": {
        "node": ">=14.0.0"
      }
    },
    "node_modules/@oxc-resolver/binding-win32-arm64-msvc": {
      "version": "5.0.1",
      "resolved": "https://registry.npmmirror.com/@oxc-resolver/binding-win32-arm64-msvc/-/binding-win32-arm64-msvc-5.0.1.tgz",
      "integrity": "sha512-okHg9C+z+2tCGKPszYVJDTZKhPHta7xKvhw0WMWPLTz9wbBMmHTuY9vVpgvFGhTU3N5iQ56LPollnSPtjvObCw==",
      "cpu": [
        "arm64"
      ],
      "dev": true,
      "license": "MIT",
      "optional": true,
      "os": [
        "win32"
      ]
    },
    "node_modules/@oxc-resolver/binding-win32-x64-msvc": {
      "version": "5.0.1",
      "resolved": "https://registry.npmmirror.com/@oxc-resolver/binding-win32-x64-msvc/-/binding-win32-x64-msvc-5.0.1.tgz",
      "integrity": "sha512-ODlCn4Pbd0HEWMixonax1uJtNCG4lEne6Jq98iUsmwSibQYcBzutxPed1qhLKur6KtCsYYa4LtRxys7e/5lZwQ==",
      "cpu": [
        "x64"
      ],
      "dev": true,
      "license": "MIT",
      "optional": true,
      "os": [
        "win32"
      ]
    },
    "node_modules/@swc-node/core": {
      "version": "1.13.3",
      "resolved": "https://registry.npmmirror.com/@swc-node/core/-/core-1.13.3.tgz",
      "integrity": "sha512-OGsvXIid2Go21kiNqeTIn79jcaX4l0G93X2rAnas4LFoDyA9wAwVK7xZdm+QsKoMn5Mus2yFLCc4OtX2dD/PWA==",
      "dev": true,
      "license": "MIT",
      "engines": {
        "node": ">= 10"
      },
      "funding": {
        "type": "github",
        "url": "https://github.com/sponsors/Brooooooklyn"
      },
      "peerDependencies": {
        "@swc/core": ">= 1.4.13",
        "@swc/types": ">= 0.1"
      }
    },
    "node_modules/@swc-node/register": {
      "version": "1.10.10",
      "resolved": "https://registry.npmmirror.com/@swc-node/register/-/register-1.10.10.tgz",
      "integrity": "sha512-jYWaI2WNEKz8KZL3sExd2KVL1JMma1/J7z+9iTpv0+fRN7LGMF8VTGGuHI2bug/ztpdZU1G44FG/Kk6ElXL9CQ==",
      "dev": true,
      "license": "MIT",
      "dependencies": {
        "@swc-node/core": "^1.13.3",
        "@swc-node/sourcemap-support": "^0.5.1",
        "colorette": "^2.0.20",
        "debug": "^4.3.5",
        "oxc-resolver": "^5.0.0",
        "pirates": "^4.0.6",
        "tslib": "^2.6.3"
      },
      "funding": {
        "type": "github",
        "url": "https://github.com/sponsors/Brooooooklyn"
      },
      "peerDependencies": {
        "@swc/core": ">= 1.4.13",
        "typescript": ">= 4.3"
      }
    },
    "node_modules/@swc-node/sourcemap-support": {
      "version": "0.5.1",
      "resolved": "https://registry.npmmirror.com/@swc-node/sourcemap-support/-/sourcemap-support-0.5.1.tgz",
      "integrity": "sha512-JxIvIo/Hrpv0JCHSyRpetAdQ6lB27oFYhv0PKCNf1g2gUXOjpeR1exrXccRxLMuAV5WAmGFBwRnNOJqN38+qtg==",
      "dev": true,
      "license": "MIT",
      "dependencies": {
        "source-map-support": "^0.5.21",
        "tslib": "^2.6.3"
      }
    },
    "node_modules/@swc/core": {
      "version": "1.11.11",
      "resolved": "https://registry.npmmirror.com/@swc/core/-/core-1.11.11.tgz",
      "integrity": "sha512-pCVY2Wn6dV/labNvssk9b3Owi4WOYsapcbWm90XkIj4xH/56Z6gzja9fsU+4MdPuEfC2Smw835nZHcdCFGyX6A==",
      "dev": true,
      "hasInstallScript": true,
      "license": "Apache-2.0",
      "dependencies": {
        "@swc/counter": "^0.1.3",
        "@swc/types": "^0.1.19"
      },
      "engines": {
        "node": ">=10"
      },
      "funding": {
        "type": "opencollective",
        "url": "https://opencollective.com/swc"
      },
      "optionalDependencies": {
        "@swc/core-darwin-arm64": "1.11.11",
        "@swc/core-darwin-x64": "1.11.11",
        "@swc/core-linux-arm-gnueabihf": "1.11.11",
        "@swc/core-linux-arm64-gnu": "1.11.11",
        "@swc/core-linux-arm64-musl": "1.11.11",
        "@swc/core-linux-x64-gnu": "1.11.11",
        "@swc/core-linux-x64-musl": "1.11.11",
        "@swc/core-win32-arm64-msvc": "1.11.11",
        "@swc/core-win32-ia32-msvc": "1.11.11",
        "@swc/core-win32-x64-msvc": "1.11.11"
      },
      "peerDependencies": {
        "@swc/helpers": "*"
      },
      "peerDependenciesMeta": {
        "@swc/helpers": {
          "optional": true
        }
      }
    },
    "node_modules/@swc/core-darwin-arm64": {
      "version": "1.11.11",
      "resolved": "https://registry.npmmirror.com/@swc/core-darwin-arm64/-/core-darwin-arm64-1.11.11.tgz",
      "integrity": "sha512-vJcjGVDB8cZH7zyOkC0AfpFYI/7GHKG0NSsH3tpuKrmoAXJyCYspKPGid7FT53EAlWreN7+Pew+bukYf5j+Fmg==",
      "cpu": [
        "arm64"
      ],
      "dev": true,
      "license": "Apache-2.0 AND MIT",
      "optional": true,
      "os": [
        "darwin"
      ],
      "engines": {
        "node": ">=10"
      }
    },
    "node_modules/@swc/core-darwin-x64": {
      "version": "1.11.11",
      "resolved": "https://registry.npmmirror.com/@swc/core-darwin-x64/-/core-darwin-x64-1.11.11.tgz",
      "integrity": "sha512-/N4dGdqEYvD48mCF3QBSycAbbQd3yoZ2YHSzYesQf8usNc2YpIhYqEH3sql02UsxTjEFOJSf1bxZABDdhbSl6A==",
      "cpu": [
        "x64"
      ],
      "dev": true,
      "license": "Apache-2.0 AND MIT",
      "optional": true,
      "os": [
        "darwin"
      ],
      "engines": {
        "node": ">=10"
      }
    },
    "node_modules/@swc/core-linux-arm-gnueabihf": {
      "version": "1.11.11",
      "resolved": "https://registry.npmmirror.com/@swc/core-linux-arm-gnueabihf/-/core-linux-arm-gnueabihf-1.11.11.tgz",
      "integrity": "sha512-hsBhKK+wVXdN3x9MrL5GW0yT8o9GxteE5zHAI2HJjRQel3HtW7m5Nvwaq+q8rwMf4YQRd8ydbvwl4iUOZx7i2Q==",
      "cpu": [
        "arm"
      ],
      "dev": true,
      "license": "Apache-2.0",
      "optional": true,
      "os": [
        "linux"
      ],
      "engines": {
        "node": ">=10"
      }
    },
    "node_modules/@swc/core-linux-arm64-gnu": {
      "version": "1.11.11",
      "resolved": "https://registry.npmmirror.com/@swc/core-linux-arm64-gnu/-/core-linux-arm64-gnu-1.11.11.tgz",
      "integrity": "sha512-YOCdxsqbnn/HMPCNM6nrXUpSndLXMUssGTtzT7ffXqr7WuzRg2e170FVDVQFIkb08E7Ku5uOnnUVAChAJQbMOQ==",
      "cpu": [
        "arm64"
      ],
      "dev": true,
      "license": "Apache-2.0 AND MIT",
      "optional": true,
      "os": [
        "linux"
      ],
      "engines": {
        "node": ">=10"
      }
    },
    "node_modules/@swc/core-linux-arm64-musl": {
      "version": "1.11.11",
      "resolved": "https://registry.npmmirror.com/@swc/core-linux-arm64-musl/-/core-linux-arm64-musl-1.11.11.tgz",
      "integrity": "sha512-nR2tfdQRRzwqR2XYw9NnBk9Fdvff/b8IiJzDL28gRR2QiJWLaE8LsRovtWrzCOYq6o5Uu9cJ3WbabWthLo4jLw==",
      "cpu": [
        "arm64"
      ],
      "dev": true,
      "license": "Apache-2.0 AND MIT",
      "optional": true,
      "os": [
        "linux"
      ],
      "engines": {
        "node": ">=10"
      }
    },
    "node_modules/@swc/core-linux-x64-gnu": {
      "version": "1.11.11",
      "resolved": "https://registry.npmmirror.com/@swc/core-linux-x64-gnu/-/core-linux-x64-gnu-1.11.11.tgz",
      "integrity": "sha512-b4gBp5HA9xNWNC5gsYbdzGBJWx4vKSGybGMGOVWWuF+ynx10+0sA/o4XJGuNHm8TEDuNh9YLKf6QkIO8+GPJ1g==",
      "cpu": [
        "x64"
      ],
      "dev": true,
      "license": "Apache-2.0 AND MIT",
      "optional": true,
      "os": [
        "linux"
      ],
      "engines": {
        "node": ">=10"
      }
    },
    "node_modules/@swc/core-linux-x64-musl": {
      "version": "1.11.11",
      "resolved": "https://registry.npmmirror.com/@swc/core-linux-x64-musl/-/core-linux-x64-musl-1.11.11.tgz",
      "integrity": "sha512-dEvqmQVswjNvMBwXNb8q5uSvhWrJLdttBSef3s6UC5oDSwOr00t3RQPzyS3n5qmGJ8UMTdPRmsopxmqaODISdg==",
      "cpu": [
        "x64"
      ],
      "dev": true,
      "license": "Apache-2.0 AND MIT",
      "optional": true,
      "os": [
        "linux"
      ],
      "engines": {
        "node": ">=10"
      }
    },
    "node_modules/@swc/core-win32-arm64-msvc": {
      "version": "1.11.11",
      "resolved": "https://registry.npmmirror.com/@swc/core-win32-arm64-msvc/-/core-win32-arm64-msvc-1.11.11.tgz",
      "integrity": "sha512-aZNZznem9WRnw2FbTqVpnclvl8Q2apOBW2B316gZK+qxbe+ktjOUnYaMhdCG3+BYggyIBDOnaJeQrXbKIMmNdw==",
      "cpu": [
        "arm64"
      ],
      "dev": true,
      "license": "Apache-2.0 AND MIT",
      "optional": true,
      "os": [
        "win32"
      ],
      "engines": {
        "node": ">=10"
      }
    },
    "node_modules/@swc/core-win32-ia32-msvc": {
      "version": "1.11.11",
      "resolved": "https://registry.npmmirror.com/@swc/core-win32-ia32-msvc/-/core-win32-ia32-msvc-1.11.11.tgz",
      "integrity": "sha512-DjeJn/IfjgOddmJ8IBbWuDK53Fqw7UvOz7kyI/728CSdDYC3LXigzj3ZYs4VvyeOt+ZcQZUB2HA27edOifomGw==",
      "cpu": [
        "ia32"
      ],
      "dev": true,
      "license": "Apache-2.0 AND MIT",
      "optional": true,
      "os": [
        "win32"
      ],
      "engines": {
        "node": ">=10"
      }
    },
    "node_modules/@swc/core-win32-x64-msvc": {
      "version": "1.11.11",
      "resolved": "https://registry.npmmirror.com/@swc/core-win32-x64-msvc/-/core-win32-x64-msvc-1.11.11.tgz",
      "integrity": "sha512-Gp/SLoeMtsU4n0uRoKDOlGrRC6wCfifq7bqLwSlAG8u8MyJYJCcwjg7ggm0rhLdC2vbiZ+lLVl3kkETp+JUvKg==",
      "cpu": [
        "x64"
      ],
      "dev": true,
      "license": "Apache-2.0 AND MIT",
      "optional": true,
      "os": [
        "win32"
      ],
      "engines": {
        "node": ">=10"
      }
    },
    "node_modules/@swc/counter": {
      "version": "0.1.3",
      "resolved": "https://registry.npmmirror.com/@swc/counter/-/counter-0.1.3.tgz",
      "integrity": "sha512-e2BR4lsJkkRlKZ/qCHPw9ZaSxc0MVUd7gtbtaB7aMvHeJVYe8sOB8DBZkP2DtISHGSku9sCK6T6cnY0CtXrOCQ==",
      "dev": true,
      "license": "Apache-2.0"
    },
    "node_modules/@swc/types": {
      "version": "0.1.19",
      "resolved": "https://registry.npmmirror.com/@swc/types/-/types-0.1.19.tgz",
      "integrity": "sha512-WkAZaAfj44kh/UFdAQcrMP1I0nwRqpt27u+08LMBYMqmQfwwMofYoMh/48NGkMMRfC4ynpfwRbJuu8ErfNloeA==",
      "dev": true,
      "license": "Apache-2.0",
      "dependencies": {
        "@swc/counter": "^0.1.3"
      }
    },
    "node_modules/@tybys/wasm-util": {
      "version": "0.9.0",
      "resolved": "https://registry.npmmirror.com/@tybys/wasm-util/-/wasm-util-0.9.0.tgz",
      "integrity": "sha512-6+7nlbMVX/PVDCwaIQ8nTOPveOcFLSt8GcXdx8hD0bt39uWxYT88uXzqTd4fTvqta7oeUJqudepapKNt2DYJFw==",
      "dev": true,
      "license": "MIT",
      "optional": true,
      "dependencies": {
        "tslib": "^2.4.0"
      }
    },
    "node_modules/@types/js-yaml": {
      "version": "4.0.9",
      "resolved": "https://registry.npmmirror.com/@types/js-yaml/-/js-yaml-4.0.9.tgz",
      "integrity": "sha512-k4MGaQl5TGo/iipqb2UDG2UwjXziSWkh0uysQelTlJpX1qGlpUZYm8PnO4DxG1qBomtJUdYJ6qR6xdIah10JLg==",
      "dev": true,
      "license": "MIT"
    },
    "node_modules/@types/node": {
      "version": "22.13.11",
      "resolved": "https://registry.npmmirror.com/@types/node/-/node-22.13.11.tgz",
      "integrity": "sha512-iEUCUJoU0i3VnrCmgoWCXttklWcvoCIx4jzcP22fioIVSdTmjgoEvmAO/QPw6TcS9k5FrNgn4w7q5lGOd1CT5g==",
      "dev": true,
      "license": "MIT",
      "dependencies": {
        "undici-types": "~6.20.0"
      }
    },
    "node_modules/argparse": {
      "version": "2.0.1",
      "resolved": "https://registry.npmmirror.com/argparse/-/argparse-2.0.1.tgz",
      "integrity": "sha512-8+9WqebbFzpX9OR+Wa6O29asIogeRMzcGtAINdpMHHyAg10f05aSFVBbcEqGf/PXw1EjAZ+q2/bEBg3DvurK3Q==",
      "license": "Python-2.0"
    },
    "node_modules/buffer-from": {
      "version": "1.1.2",
      "resolved": "https://registry.npmmirror.com/buffer-from/-/buffer-from-1.1.2.tgz",
      "integrity": "sha512-E+XQCRwSbaaiChtv6k6Dwgc+bx+Bs6vuKJHHl5kox/BaKbhiXzqQOwK4cO22yElGp2OCmjwVhT3HmxgyPGnJfQ==",
      "dev": true,
      "license": "MIT"
    },
    "node_modules/colorette": {
      "version": "2.0.20",
      "resolved": "https://registry.npmmirror.com/colorette/-/colorette-2.0.20.tgz",
      "integrity": "sha512-IfEDxwoWIjkeXL1eXcDiow4UbKjhLdq6/EuSVR9GMN7KVH3r9gQ83e73hsz1Nd1T3ijd5xv1wcWRYO+D6kCI2w==",
      "dev": true,
      "license": "MIT"
    },
    "node_modules/debug": {
      "version": "4.4.0",
      "resolved": "https://registry.npmmirror.com/debug/-/debug-4.4.0.tgz",
      "integrity": "sha512-6WTZ/IxCY/T6BALoZHaE4ctp9xm+Z5kY/pzYaCHRFeyVhojxlrm+46y68HA6hr0TcwEssoxNiDEUJQjfPZ/RYA==",
      "dev": true,
      "license": "MIT",
      "dependencies": {
        "ms": "^2.1.3"
      },
      "engines": {
        "node": ">=6.0"
      },
      "peerDependenciesMeta": {
        "supports-color": {
          "optional": true
        }
      }
    },
    "node_modules/js-yaml": {
      "version": "4.1.0",
      "resolved": "https://registry.npmmirror.com/js-yaml/-/js-yaml-4.1.0.tgz",
      "integrity": "sha512-wpxZs9NoxZaJESJGIZTyDEaYpl0FKSA+FB9aJiyemKhMwkxQg63h4T1KJgUGHpTqPDNRcmmYLugrRjJlBtWvRA==",
      "license": "MIT",
      "dependencies": {
        "argparse": "^2.0.1"
      },
      "bin": {
        "js-yaml": "bin/js-yaml.js"
      }
    },
    "node_modules/ms": {
      "version": "2.1.3",
      "resolved": "https://registry.npmmirror.com/ms/-/ms-2.1.3.tgz",
      "integrity": "sha512-6FlzubTLZG3J2a/NVCAleEhjzq5oxgHyaCU9yYXvcLsvoVaHJq/s5xXI6/XXP6tz7R9xAOtHnSO/tXtF3WRTlA==",
      "dev": true,
      "license": "MIT"
    },
    "node_modules/oxc-resolver": {
      "version": "5.0.1",
      "resolved": "https://registry.npmmirror.com/oxc-resolver/-/oxc-resolver-5.0.1.tgz",
      "integrity": "sha512-BbclyCSxgnqO5mo05RGcwp8rkVdZL7sf0ugEnFWK67DIBAMq5wR0/GQlQCdPiPkpiv9GESAVX2cbh1DMFux/TQ==",
      "dev": true,
      "license": "MIT",
      "funding": {
        "url": "https://github.com/sponsors/Boshen"
      },
      "optionalDependencies": {
        "@oxc-resolver/binding-darwin-arm64": "5.0.1",
        "@oxc-resolver/binding-darwin-x64": "5.0.1",
        "@oxc-resolver/binding-freebsd-x64": "5.0.1",
        "@oxc-resolver/binding-linux-arm-gnueabihf": "5.0.1",
        "@oxc-resolver/binding-linux-arm64-gnu": "5.0.1",
        "@oxc-resolver/binding-linux-arm64-musl": "5.0.1",
        "@oxc-resolver/binding-linux-x64-gnu": "5.0.1",
        "@oxc-resolver/binding-linux-x64-musl": "5.0.1",
        "@oxc-resolver/binding-wasm32-wasi": "5.0.1",
        "@oxc-resolver/binding-win32-arm64-msvc": "5.0.1",
        "@oxc-resolver/binding-win32-x64-msvc": "5.0.1"
      }
    },
    "node_modules/pirates": {
      "version": "4.0.6",
      "resolved": "https://registry.npmmirror.com/pirates/-/pirates-4.0.6.tgz",
      "integrity": "sha512-saLsH7WeYYPiD25LDuLRRY/i+6HaPYr6G1OUlN39otzkSTxKnubR9RTxS3/Kk50s1g2JTgFwWQDQyplC5/SHZg==",
      "dev": true,
      "license": "MIT",
      "engines": {
        "node": ">= 6"
      }
    },
    "node_modules/source-map": {
      "version": "0.6.1",
      "resolved": "https://registry.npmmirror.com/source-map/-/source-map-0.6.1.tgz",
      "integrity": "sha512-UjgapumWlbMhkBgzT7Ykc5YXUT46F0iKu8SGXq0bcwP5dz/h0Plj6enJqjz1Zbq2l5WaqYnrVbwWOWMyF3F47g==",
      "dev": true,
      "license": "BSD-3-Clause",
      "engines": {
        "node": ">=0.10.0"
      }
    },
    "node_modules/source-map-support": {
      "version": "0.5.21",
      "resolved": "https://registry.npmmirror.com/source-map-support/-/source-map-support-0.5.21.tgz",
      "integrity": "sha512-uBHU3L3czsIyYXKX88fdrGovxdSCoTGDRZ6SYXtSRxLZUzHg5P/66Ht6uoUlHu9EZod+inXhKo3qQgwXUT/y1w==",
      "dev": true,
      "license": "MIT",
      "dependencies": {
        "buffer-from": "^1.0.0",
        "source-map": "^0.6.0"
      }
    },
    "node_modules/tslib": {
      "version": "2.8.1",
      "resolved": "https://registry.npmmirror.com/tslib/-/tslib-2.8.1.tgz",
      "integrity": "sha512-oJFu94HQb+KVduSUQL7wnpmqnfmLsOA/nAh6b6EH0wCEoK0/mPeXU6c3wKDV83MkOuHPRHtSXKKU99IBazS/2w==",
      "dev": true,
      "license": "0BSD"
    },
    "node_modules/typescript": {
      "version": "5.8.2",
      "resolved": "https://registry.npmmirror.com/typescript/-/typescript-5.8.2.tgz",
      "integrity": "sha512-aJn6wq13/afZp/jT9QZmwEjDqqvSGp1VT5GVg+f/t6/oVyrgXM6BY1h9BRh/O5p3PlUPAe+WuiEZOmb/49RqoQ==",
      "dev": true,
      "license": "Apache-2.0",
      "bin": {
        "tsc": "bin/tsc",
        "tsserver": "bin/tsserver"
      },
      "engines": {
        "node": ">=14.17"
      }
    },
    "node_modules/undici-types": {
      "version": "6.20.0",
      "resolved": "https://registry.npmmirror.com/undici-types/-/undici-types-6.20.0.tgz",
      "integrity": "sha512-Ny6QZ2Nju20vw1SRHe3d9jVu6gJ+4e3+MMpqu7pqE5HT6WsTSlce++GQmK5UXS8mzV8DSYHrQH+Xrf2jVcuKNg==",
      "dev": true,
      "license": "MIT"
    }
  }
}
